{
  "name": "website",
  "lockfileVersion": 3,
  "requires": true,
  "packages": {
    "": {
      "dependencies": {
        "heapq": "^0.0.3"
      }
    },
    "node_modules/heapq": {
      "version": "0.0.3",
      "resolved": "https://registry.npmjs.org/heapq/-/heapq-0.0.3.tgz",
      "integrity": "sha512-YDgik7L6YBAQSW1G2bEBIsWf3ELMNfo/rtNN6aJfl/+LFt9QyTwsjX2OdU1Hzz9NgNyrHjTxkRZ9YIKKr4x5FA=="
    }
  }
}
